
Microsoft Visual Studio Solution File, Format Version 12.00
# Visual Studio 15
VisualStudioVersion = 15.0.26430.16
MinimumVisualStudioVersion = 10.0.40219.1
Project("{FAE04EC0-301F-11D3-BF4B-00C04F79EFBC}") = "EasySleep", "EasySleep\EasySleep.csproj", "{C56AD7CD-36DD-4EE2-8F4C-EB89EE690598}"
EndProject
Global
	GlobalSection(SolutionConfigurationPlatforms) = preSolution
		Debug|ARM = Debug|ARM
		Debug|x64 = Debug|x64
		Debug|x86 = Debug|x86
		Release|ARM = Release|ARM
		Release|x64 = Release|x64
		Release|x86 = Release|x86
	EndGlobalSection
	GlobalSection(ProjectConfigurationPlatforms) = postSolution
		{C56AD7CD-36DD-4EE2-8F4C-EB89EE690598}.Debug|ARM.ActiveCfg = Debug|ARM
		{C56AD7CD-36DD-4EE2-8F4C-EB89EE690598}.Debug|ARM.Build.0 = Debug|ARM
		{C56AD7CD-36DD-4EE2-8F4C-EB89EE690598}.Debug|ARM.Deploy.0 = Debug|ARM
		{C56AD7CD-36DD-4EE2-8F4C-EB89EE690598}.Debug|x64.ActiveCfg = Debug|x64
		{C56AD7CD-36DD-4EE2-8F4C-EB89EE690598}.Debug|x64.Build.0 = Debug|x64
		{C56AD7CD-36DD-4EE2-8F4C-EB89EE690598}.Debug|x64.Deploy.0 = Debug|x64
		{C56AD7CD-36DD-4EE2-8F4C-EB89EE690598}.Debug|x86.ActiveCfg = Debug|x86
		{C56AD7CD-36DD-4EE2-8F4C-EB89EE690598}.Debug|x86.Build.0 = Debug|x86
		{C56AD7CD-36DD-4EE2-8F4C-EB89EE690598}.Debug|x86.Deploy.0 = Debug|x86
		{C56AD7CD-36DD-4EE2-8F4C-EB89EE690598}.Release|ARM.ActiveCfg = Release|ARM
		{C56AD7CD-36DD-4EE2-8F4C-EB89EE690598}.Release|ARM.Build.0 = Release|ARM
		{C56AD7CD-36DD-4EE2-8F4C-EB89EE690598}.Release|ARM.Deploy.0 = Release|ARM
		{C56AD7CD-36DD-4EE2-8F4C-EB89EE690598}.Release|x64.ActiveCfg = Release|x64
		{C56AD7CD-36DD-4EE2-8F4C-EB89EE690598}.Release|x64.Build.0 = Release|x64
		{C56AD7CD-36DD-4EE2-8F4C-EB89EE690598}.Release|x64.Deploy.0 = Release|x64
		{C56AD7CD-36DD-4EE2-8F4C-EB89EE690598}.Release|x86.ActiveCfg = Release|x86
		{C56AD7CD-36DD-4EE2-8F4C-EB89EE690598}.Release|x86.Build.0 = Release|x86
		{C56AD7CD-36DD-4EE2-8F4C-EB89EE690598}.Release|x86.Deploy.0 = Release|x86
	EndGlobalSection
	GlobalSection(SolutionProperties) = preSolution
		HideSolutionNode = FALSE
	EndGlobalSection
EndGlobal
